
Microsoft Visual Studio Solution File, Format Version 12.00
# Visual Studio Version 16
VisualStudioVersion = 16.0.30717.126
MinimumVisualStudioVersion = 10.0.40219.1
Project("{2150E333-8FDC-42A3-9474-1A3956D46DE8}") = "src", "src", "{8E0368BC-3E51-4AE1-844E-C31F60B7A1EA}"
EndProject
Project("{2150E333-8FDC-42A3-9474-1A3956D46DE8}") = "1 - Application", "1 - Application", "{2BFB9C12-E039-42B1-8411-5BA204D2CA28}"
EndProject
Project("{FAE04EC0-301F-11D3-BF4B-00C04F79EFBC}") = "SmartGym.API", "SmartGym.API\SmartGym.API.csproj", "{3F6E8376-1278-4AED-8FA4-A6F7F773076A}"
EndProject
Project("{2150E333-8FDC-42A3-9474-1A3956D46DE8}") = "2 - Domain", "2 - Domain", "{501C43C9-0DD7-42B5-9554-EF2A383F6545}"
EndProject
Project("{FAE04EC0-301F-11D3-BF4B-00C04F79EFBC}") = "SmartGym.Domain", "SmartGym.Domain\SmartGym.Domain.csproj", "{DCAE9CED-BE0E-499C-B46D-A8051C491B2D}"
EndProject
Project("{2150E333-8FDC-42A3-9474-1A3956D46DE8}") = "test", "test", "{375C4163-1DC8-4C88-9DAA-6D1E89D01F06}"
EndProject
Project("{FAE04EC0-301F-11D3-BF4B-00C04F79EFBC}") = "SmartGym.Tests", "SmartGym.Tests\SmartGym.Tests.csproj", "{59BA705B-7F18-4D64-8295-F8E713C28D7B}"
EndProject
Project("{2150E333-8FDC-42A3-9474-1A3956D46DE8}") = "3 - Service", "3 - Service", "{42735F18-CDAC-4C96-AD31-CBF32B6FFDCF}"
EndProject
Project("{2150E333-8FDC-42A3-9474-1A3956D46DE8}") = "4 -Infra", "4 -Infra", "{F653AA7B-F184-46EB-9C90-C96D77A15FCF}"
EndProject
Project("{2150E333-8FDC-42A3-9474-1A3956D46DE8}") = "4.1 - Data", "4.1 - Data", "{86835787-84DD-4DEE-ABFF-954BB3AAB740}"
EndProject
Project("{2150E333-8FDC-42A3-9474-1A3956D46DE8}") = "4.2 - CrossCutting", "4.2 - CrossCutting", "{B5020F4C-8ECB-467C-A8AB-FC6A9CA870FE}"
EndProject
Project("{2150E333-8FDC-42A3-9474-1A3956D46DE8}") = "5 - Shared", "5 - Shared", "{A65C888C-E8FF-4C0F-92D9-1716A4177CBD}"
EndProject
Project("{2150E333-8FDC-42A3-9474-1A3956D46DE8}") = "Domain", "Domain", "{C8A787D2-9495-48BE-B13F-A6FBD3459A58}"
EndProject
Project("{FAE04EC0-301F-11D3-BF4B-00C04F79EFBC}") = "SmartGym.Domain.Shared", "SmartGym.Domain.Shared\SmartGym.Domain.Shared.csproj", "{59DB899E-A1FC-4AC9-A023-EF6B56F53E2E}"
EndProject
Project("{FAE04EC0-301F-11D3-BF4B-00C04F79EFBC}") = "SmartGym.Infra.CrossCutting", "SmartGym.Infra.CrossCutting\SmartGym.Infra.CrossCutting.csproj", "{BD7FD1BF-0878-4FDF-8A85-B7A4EEA52FDD}"
EndProject
Global
	GlobalSection(SolutionConfigurationPlatforms) = preSolution
		Debug|Any CPU = Debug|Any CPU
		Release|Any CPU = Release|Any CPU
	EndGlobalSection
	GlobalSection(ProjectConfigurationPlatforms) = postSolution
		{3F6E8376-1278-4AED-8FA4-A6F7F773076A}.Debug|Any CPU.ActiveCfg = Debug|Any CPU
		{3F6E8376-1278-4AED-8FA4-A6F7F773076A}.Debug|Any CPU.Build.0 = Debug|Any CPU
		{3F6E8376-1278-4AED-8FA4-A6F7F773076A}.Release|Any CPU.ActiveCfg = Release|Any CPU
		{3F6E8376-1278-4AED-8FA4-A6F7F773076A}.Release|Any CPU.Build.0 = Release|Any CPU
		{DCAE9CED-BE0E-499C-B46D-A8051C491B2D}.Debug|Any CPU.ActiveCfg = Debug|Any CPU
		{DCAE9CED-BE0E-499C-B46D-A8051C491B2D}.Debug|Any CPU.Build.0 = Debug|Any CPU
		{DCAE9CED-BE0E-499C-B46D-A8051C491B2D}.Release|Any CPU.ActiveCfg = Release|Any CPU
		{DCAE9CED-BE0E-499C-B46D-A8051C491B2D}.Release|Any CPU.Build.0 = Release|Any CPU
		{59BA705B-7F18-4D64-8295-F8E713C28D7B}.Debug|Any CPU.ActiveCfg = Debug|Any CPU
		{59BA705B-7F18-4D64-8295-F8E713C28D7B}.Debug|Any CPU.Build.0 = Debug|Any CPU
		{59BA705B-7F18-4D64-8295-F8E713C28D7B}.Release|Any CPU.ActiveCfg = Release|Any CPU
		{59BA705B-7F18-4D64-8295-F8E713C28D7B}.Release|Any CPU.Build.0 = Release|Any CPU
		{59DB899E-A1FC-4AC9-A023-EF6B56F53E2E}.Debug|Any CPU.ActiveCfg = Debug|Any CPU
		{59DB899E-A1FC-4AC9-A023-EF6B56F53E2E}.Debug|Any CPU.Build.0 = Debug|Any CPU
		{59DB899E-A1FC-4AC9-A023-EF6B56F53E2E}.Release|Any CPU.ActiveCfg = Release|Any CPU
		{59DB899E-A1FC-4AC9-A023-EF6B56F53E2E}.Release|Any CPU.Build.0 = Release|Any CPU
		{BD7FD1BF-0878-4FDF-8A85-B7A4EEA52FDD}.Debug|Any CPU.ActiveCfg = Debug|Any CPU
		{BD7FD1BF-0878-4FDF-8A85-B7A4EEA52FDD}.Debug|Any CPU.Build.0 = Debug|Any CPU
		{BD7FD1BF-0878-4FDF-8A85-B7A4EEA52FDD}.Release|Any CPU.ActiveCfg = Release|Any CPU
		{BD7FD1BF-0878-4FDF-8A85-B7A4EEA52FDD}.Release|Any CPU.Build.0 = Release|Any CPU
	EndGlobalSection
	GlobalSection(SolutionProperties) = preSolution
		HideSolutionNode = FALSE
	EndGlobalSection
	GlobalSection(NestedProjects) = preSolution
		{2BFB9C12-E039-42B1-8411-5BA204D2CA28} = {8E0368BC-3E51-4AE1-844E-C31F60B7A1EA}
		{3F6E8376-1278-4AED-8FA4-A6F7F773076A} = {2BFB9C12-E039-42B1-8411-5BA204D2CA28}
		{501C43C9-0DD7-42B5-9554-EF2A383F6545} = {8E0368BC-3E51-4AE1-844E-C31F60B7A1EA}
		{DCAE9CED-BE0E-499C-B46D-A8051C491B2D} = {501C43C9-0DD7-42B5-9554-EF2A383F6545}
		{59BA705B-7F18-4D64-8295-F8E713C28D7B} = {375C4163-1DC8-4C88-9DAA-6D1E89D01F06}
		{42735F18-CDAC-4C96-AD31-CBF32B6FFDCF} = {8E0368BC-3E51-4AE1-844E-C31F60B7A1EA}
		{F653AA7B-F184-46EB-9C90-C96D77A15FCF} = {8E0368BC-3E51-4AE1-844E-C31F60B7A1EA}
		{86835787-84DD-4DEE-ABFF-954BB3AAB740} = {F653AA7B-F184-46EB-9C90-C96D77A15FCF}
		{B5020F4C-8ECB-467C-A8AB-FC6A9CA870FE} = {F653AA7B-F184-46EB-9C90-C96D77A15FCF}
		{A65C888C-E8FF-4C0F-92D9-1716A4177CBD} = {8E0368BC-3E51-4AE1-844E-C31F60B7A1EA}
		{C8A787D2-9495-48BE-B13F-A6FBD3459A58} = {A65C888C-E8FF-4C0F-92D9-1716A4177CBD}
		{59DB899E-A1FC-4AC9-A023-EF6B56F53E2E} = {C8A787D2-9495-48BE-B13F-A6FBD3459A58}
		{BD7FD1BF-0878-4FDF-8A85-B7A4EEA52FDD} = {B5020F4C-8ECB-467C-A8AB-FC6A9CA870FE}
	EndGlobalSection
	GlobalSection(ExtensibilityGlobals) = postSolution
		SolutionGuid = {52536DB9-A2AB-4F1D-B909-ABE96402AD75}
	EndGlobalSection
EndGlobal
